Microsoft Visual Studio Solution File, Format Version 12.00
# Visual Studio Version 17
VisualStudioVersion = 17.1.32210.238
MinimumVisualStudioVersion = 10.0.40219.1
Project("{9A19103F-16F7-4668-BE54-9A1E7A4F7556}") = "ToSic.Oqt.Themes.ToShineBs5.Client", "Client\ToSic.Oqt.Themes.ToShineBs5.Client.csproj", "{B1C983CD-D5C6-43B3-B117-A060DFBA8DA3}"
EndProject
Project("{9A19103F-16F7-4668-BE54-9A1E7A4F7556}") = "Oqtane.Server", "..\oqtane.framework\Oqtane.Server\Oqtane.Server.csproj", "{4F654965-B0C2-4663-8AE0-0D48CC9895E0}"
EndProject
Project("{9A19103F-16F7-4668-BE54-9A1E7A4F7556}") = "Oqtane.Shared", "..\oqtane.framework\Oqtane.Shared\Oqtane.Shared.csproj", "{4ABC76F4-C186-440D-BD28-9A6721B6ECA4}"
EndProject
Project("{9A19103F-16F7-4668-BE54-9A1E7A4F7556}") = "Oqtane.Client", "..\oqtane.framework\Oqtane.Client\Oqtane.Client.csproj", "{F9DDCE29-CFA2-4F78-B47D-F483D4D736CA}"
EndProject
Project("{9A19103F-16F7-4668-BE54-9A1E7A4F7556}") = "ToSic.Cre8Magic.Client", "..\oqtane-cre8magic\ToSic.Cre8Magic.Client\ToSic.Cre8Magic.Client.csproj", "{46071FC8-7CF2-4062-A0F3-C726EDFB01D6}"
EndProject
Global
	GlobalSection(SolutionConfigurationPlatforms) = preSolution
		Debug|Any CPU = Debug|Any CPU
		Release|Any CPU = Release|Any CPU
	EndGlobalSection
	GlobalSection(ProjectConfigurationPlatforms) = postSolution
		{B1C983CD-D5C6-43B3-B117-A060DFBA8DA3}.Debug|Any CPU.ActiveCfg = Debug|Any CPU
		{B1C983CD-D5C6-43B3-B117-A060DFBA8DA3}.Debug|Any CPU.Build.0 = Debug|Any CPU
		{B1C983CD-D5C6-43B3-B117-A060DFBA8DA3}.Release|Any CPU.ActiveCfg = Release|Any CPU
		{B1C983CD-D5C6-43B3-B117-A060DFBA8DA3}.Release|Any CPU.Build.0 = Release|Any CPU
		{4F654965-B0C2-4663-8AE0-0D48CC9895E0}.Debug|Any CPU.ActiveCfg = Debug|Any CPU
		{4F654965-B0C2-4663-8AE0-0D48CC9895E0}.Debug|Any CPU.Build.0 = Debug|Any CPU
		{4F654965-B0C2-4663-8AE0-0D48CC9895E0}.Release|Any CPU.ActiveCfg = Release|Any CPU
		{4F654965-B0C2-4663-8AE0-0D48CC9895E0}.Release|Any CPU.Build.0 = Release|Any CPU
		{4ABC76F4-C186-440D-BD28-9A6721B6ECA4}.Debug|Any CPU.ActiveCfg = Debug|Any CPU
		{4ABC76F4-C186-440D-BD28-9A6721B6ECA4}.Debug|Any CPU.Build.0 = Debug|Any CPU
		{4ABC76F4-C186-440D-BD28-9A6721B6ECA4}.Release|Any CPU.ActiveCfg = Release|Any CPU
		{4ABC76F4-C186-440D-BD28-9A6721B6ECA4}.Release|Any CPU.Build.0 = Release|Any CPU
		{F9DDCE29-CFA2-4F78-B47D-F483D4D736CA}.Debug|Any CPU.ActiveCfg = Debug|Any CPU
		{F9DDCE29-CFA2-4F78-B47D-F483D4D736CA}.Debug|Any CPU.Build.0 = Debug|Any CPU
		{F9DDCE29-CFA2-4F78-B47D-F483D4D736CA}.Release|Any CPU.ActiveCfg = Release|Any CPU
		{F9DDCE29-CFA2-4F78-B47D-F483D4D736CA}.Release|Any CPU.Build.0 = Release|Any CPU
		{46071FC8-7CF2-4062-A0F3-C726EDFB01D6}.Debug|Any CPU.ActiveCfg = Debug|Any CPU
		{46071FC8-7CF2-4062-A0F3-C726EDFB01D6}.Debug|Any CPU.Build.0 = Debug|Any CPU
		{46071FC8-7CF2-4062-A0F3-C726EDFB01D6}.Release|Any CPU.ActiveCfg = Release|Any CPU
		{46071FC8-7CF2-4062-A0F3-C726EDFB01D6}.Release|Any CPU.Build.0 = Release|Any CPU
	EndGlobalSection
	GlobalSection(SolutionProperties) = preSolution
		HideSolutionNode = FALSE
	EndGlobalSection
	GlobalSection(ExtensibilityGlobals) = postSolution
		SolutionGuid = {1D016F15-46FE-4726-8DFD-2E4FD4DC7668}
	EndGlobalSection
EndGlobal
